
Microsoft Visual Studio Solution File, Format Version 12.00
# Visual Studio Version 16
VisualStudioVersion = 16.0.30330.147
MinimumVisualStudioVersion = 10.0.40219.1
Project("{FAE04EC0-301F-11D3-BF4B-00C04F79EFBC}") = "Tunes.AspNet.Mvc", "Tunes.AspNet.Mvc\Tunes.AspNet.Mvc.csproj", "{8F64CA5F-4C28-454C-8698-1E2C55191052}"
EndProject
Global
	GlobalSection(SolutionConfigurationPlatforms) = preSolution
		Debug|Any CPU = Debug|Any CPU
		Release|Any CPU = Release|Any CPU
	EndGlobalSection
	GlobalSection(ProjectConfigurationPlatforms) = postSolution
		{8F64CA5F-4C28-454C-8698-1E2C55191052}.Debug|Any CPU.ActiveCfg = Debug|Any CPU
		{8F64CA5F-4C28-454C-8698-1E2C55191052}.Debug|Any CPU.Build.0 = Debug|Any CPU
		{8F64CA5F-4C28-454C-8698-1E2C55191052}.Release|Any CPU.ActiveCfg = Release|Any CPU
		{8F64CA5F-4C28-454C-8698-1E2C55191052}.Release|Any CPU.Build.0 = Release|Any CPU
	EndGlobalSection
	GlobalSection(SolutionProperties) = preSolution
		HideSolutionNode = FALSE
	EndGlobalSection
	GlobalSection(ExtensibilityGlobals) = postSolution
		SolutionGuid = {BDAF7AAA-55D7-45C1-919E-7B7C249A14DD}
	EndGlobalSection
EndGlobal
